
Microsoft Visual Studio Solution File, Format Version 12.00
# Visual Studio Version 16
VisualStudioVersion = 16.0.30114.105
MinimumVisualStudioVersion = 10.0.40219.1
Project("{FAE04EC0-301F-11D3-BF4B-00C04F79EFBC}") = "TestVideo", "TestVideo\TestVideo.csproj", "{0A53B7FA-FB8A-4D71-96A3-5A939D7D9144}"
EndProject
Global
	GlobalSection(SolutionConfigurationPlatforms) = preSolution
		Debug|Any CPU = Debug|Any CPU
		Release|Any CPU = Release|Any CPU
	EndGlobalSection
	GlobalSection(ProjectConfigurationPlatforms) = postSolution
		{0A53B7FA-FB8A-4D71-96A3-5A939D7D9144}.Debug|Any CPU.ActiveCfg = Debug|Any CPU
		{0A53B7FA-FB8A-4D71-96A3-5A939D7D9144}.Debug|Any CPU.Build.0 = Debug|Any CPU
		{0A53B7FA-FB8A-4D71-96A3-5A939D7D9144}.Release|Any CPU.ActiveCfg = Release|Any CPU
		{0A53B7FA-FB8A-4D71-96A3-5A939D7D9144}.Release|Any CPU.Build.0 = Release|Any CPU
	EndGlobalSection
	GlobalSection(SolutionProperties) = preSolution
		HideSolutionNode = FALSE
	EndGlobalSection
	GlobalSection(ExtensibilityGlobals) = postSolution
		SolutionGuid = {20282405-D48F-4EB0-AF1E-2242C7AFBB37}
	EndGlobalSection
EndGlobal
